
Microsoft Visual Studio Solution File, Format Version 12.00
# Visual Studio Version 18
VisualStudioVersion = 18.3.11505.172 d18.3
MinimumVisualStudioVersion = 10.0.40219.1
Project("{9A19103F-16F7-4668-BE54-9A1E7A4F7556}") = "Wice", "Wice\Wice.csproj", "{EF67AB82-0ABC-4054-AADA-293600D276D6}"
EndProject
Project("{9A19103F-16F7-4668-BE54-9A1E7A4F7556}") = "Wice.Tests", "Wice.Tests\Wice.Tests.csproj", "{047DB52B-DB07-4CF6-BE90-C24819629C7E}"
EndProject
Project("{9A19103F-16F7-4668-BE54-9A1E7A4F7556}") = "Wice.DevTools", "Wice.DevTools\Wice.DevTools.csproj", "{03E6C1C8-3567-41F1-9208-C6D5EFA61B5C}"
EndProject
Project("{9A19103F-16F7-4668-BE54-9A1E7A4F7556}") = "Wice.Samples.Gallery", "Wice.Samples.Gallery\Wice.Samples.Gallery.csproj", "{40474E94-07D8-42C1-8BAD-2366A0B635D1}"
EndProject
Project("{9A19103F-16F7-4668-BE54-9A1E7A4F7556}") = "WiceAot", "WiceAot\WiceAot.csproj", "{E8053E72-9031-4B37-AE57-40FE4C2B33B4}"
EndProject
Project("{9A19103F-16F7-4668-BE54-9A1E7A4F7556}") = "WiceAot.Tests", "WiceAot.Tests\WiceAot.Tests.csproj", "{B2EB0DEC-C3D6-4C0C-AE4D-8964F08BEAEF}"
EndProject
Project("{FAE04EC0-301F-11D3-BF4B-00C04F79EFBC}") = "WiceAot.Samples.Gallery", "WiceAot.Samples.Gallery\WiceAot.Samples.Gallery.csproj", "{179FCF87-2C9A-40D8-BFA8-F55C3B03AF78}"
EndProject
Global
	GlobalSection(SolutionConfigurationPlatforms) = preSolution
		Debug|Any CPU = Debug|Any CPU
		Release|Any CPU = Release|Any CPU
	EndGlobalSection
	GlobalSection(ProjectConfigurationPlatforms) = postSolution
		{EF67AB82-0ABC-4054-AADA-293600D276D6}.Debug|Any CPU.ActiveCfg = Debug|Any CPU
		{EF67AB82-0ABC-4054-AADA-293600D276D6}.Debug|Any CPU.Build.0 = Debug|Any CPU
		{EF67AB82-0ABC-4054-AADA-293600D276D6}.Release|Any CPU.ActiveCfg = Release|Any CPU
		{EF67AB82-0ABC-4054-AADA-293600D276D6}.Release|Any CPU.Build.0 = Release|Any CPU
		{047DB52B-DB07-4CF6-BE90-C24819629C7E}.Debug|Any CPU.ActiveCfg = Debug|Any CPU
		{047DB52B-DB07-4CF6-BE90-C24819629C7E}.Debug|Any CPU.Build.0 = Debug|Any CPU
		{047DB52B-DB07-4CF6-BE90-C24819629C7E}.Release|Any CPU.ActiveCfg = Release|Any CPU
		{047DB52B-DB07-4CF6-BE90-C24819629C7E}.Release|Any CPU.Build.0 = Release|Any CPU
		{03E6C1C8-3567-41F1-9208-C6D5EFA61B5C}.Debug|Any CPU.ActiveCfg = Debug|Any CPU
		{03E6C1C8-3567-41F1-9208-C6D5EFA61B5C}.Debug|Any CPU.Build.0 = Debug|Any CPU
		{03E6C1C8-3567-41F1-9208-C6D5EFA61B5C}.Release|Any CPU.ActiveCfg = Release|Any CPU
		{03E6C1C8-3567-41F1-9208-C6D5EFA61B5C}.Release|Any CPU.Build.0 = Release|Any CPU
		{40474E94-07D8-42C1-8BAD-2366A0B635D1}.Debug|Any CPU.ActiveCfg = Debug|Any CPU
		{40474E94-07D8-42C1-8BAD-2366A0B635D1}.Debug|Any CPU.Build.0 = Debug|Any CPU
		{40474E94-07D8-42C1-8BAD-2366A0B635D1}.Release|Any CPU.ActiveCfg = Release|Any CPU
		{40474E94-07D8-42C1-8BAD-2366A0B635D1}.Release|Any CPU.Build.0 = Release|Any CPU
		{E8053E72-9031-4B37-AE57-40FE4C2B33B4}.Debug|Any CPU.ActiveCfg = Debug|Any CPU
		{E8053E72-9031-4B37-AE57-40FE4C2B33B4}.Debug|Any CPU.Build.0 = Debug|Any CPU
		{E8053E72-9031-4B37-AE57-40FE4C2B33B4}.Release|Any CPU.ActiveCfg = Release|Any CPU
		{E8053E72-9031-4B37-AE57-40FE4C2B33B4}.Release|Any CPU.Build.0 = Release|Any CPU
		{B2EB0DEC-C3D6-4C0C-AE4D-8964F08BEAEF}.Debug|Any CPU.ActiveCfg = Debug|Any CPU
		{B2EB0DEC-C3D6-4C0C-AE4D-8964F08BEAEF}.Debug|Any CPU.Build.0 = Debug|Any CPU
		{B2EB0DEC-C3D6-4C0C-AE4D-8964F08BEAEF}.Release|Any CPU.ActiveCfg = Release|Any CPU
		{B2EB0DEC-C3D6-4C0C-AE4D-8964F08BEAEF}.Release|Any CPU.Build.0 = Release|Any CPU
		{179FCF87-2C9A-40D8-BFA8-F55C3B03AF78}.Debug|Any CPU.ActiveCfg = Debug|Any CPU
		{179FCF87-2C9A-40D8-BFA8-F55C3B03AF78}.Debug|Any CPU.Build.0 = Debug|Any CPU
		{179FCF87-2C9A-40D8-BFA8-F55C3B03AF78}.Release|Any CPU.ActiveCfg = Release|Any CPU
		{179FCF87-2C9A-40D8-BFA8-F55C3B03AF78}.Release|Any CPU.Build.0 = Release|Any CPU
	EndGlobalSection
	GlobalSection(SolutionProperties) = preSolution
		HideSolutionNode = FALSE
	EndGlobalSection
	GlobalSection(ExtensibilityGlobals) = postSolution
		SolutionGuid = {3C47A107-BC0A-4E4A-A3B5-4B0ED07FB4A4}
	EndGlobalSection
EndGlobal
